
Microsoft Visual Studio Solution File, Format Version 12.00
# Visual Studio Version 17
VisualStudioVersion = 17.2.32526.322
MinimumVisualStudioVersion = 10.0.40219.1
Project("{FAE04EC0-301F-11D3-BF4B-00C04F79EFBC}") = "BlogEmpresarial", "BlogEmpresarial.csproj", "{D7E64220-C0D9-4BA7-85DA-EAC3F7BA65EF}"
EndProject
Global
	GlobalSection(SolutionConfigurationPlatforms) = preSolution
		Debug|Any CPU = Debug|Any CPU
		Release|Any CPU = Release|Any CPU
	EndGlobalSection
	GlobalSection(ProjectConfigurationPlatforms) = postSolution
		{D7E64220-C0D9-4BA7-85DA-EAC3F7BA65EF}.Debug|Any CPU.ActiveCfg = Debug|Any CPU
		{D7E64220-C0D9-4BA7-85DA-EAC3F7BA65EF}.Debug|Any CPU.Build.0 = Debug|Any CPU
		{D7E64220-C0D9-4BA7-85DA-EAC3F7BA65EF}.Release|Any CPU.ActiveCfg = Release|Any CPU
		{D7E64220-C0D9-4BA7-85DA-EAC3F7BA65EF}.Release|Any CPU.Build.0 = Release|Any CPU
	EndGlobalSection
	GlobalSection(SolutionProperties) = preSolution
		HideSolutionNode = FALSE
	EndGlobalSection
	GlobalSection(ExtensibilityGlobals) = postSolution
		SolutionGuid = {B32EAF83-C2EA-45D5-85D1-95EF1751174A}
	EndGlobalSection
EndGlobal
